
Microsoft Visual Studio Solution File, Format Version 12.00
# Visual Studio Version 17
VisualStudioVersion = 17.14.36518.9
MinimumVisualStudioVersion = 10.0.40219.1
Project("{2150E333-8FDC-42A3-9474-1A3956D46DE8}") = "Services", "Services", "{02EA681E-C7D8-13C7-8484-4AC65E1B71E8}"
EndProject
Project("{2150E333-8FDC-42A3-9474-1A3956D46DE8}") = "Catalog", "Catalog", "{E5E738ED-ADA4-421B-8C08-998C0E80D800}"
EndProject
Project("{FAE04EC0-301F-11D3-BF4B-00C04F79EFBC}") = "Catalog.Api", "Services\Catalog\Catalog.Api\Catalog.Api.csproj", "{B59651BA-0BC2-45C0-B5FF-A0E01DD1BE7E}"
EndProject
Project("{2150E333-8FDC-42A3-9474-1A3956D46DE8}") = "BuildingBlocks", "BuildingBlocks", "{D3B96D88-9A84-4DEC-9894-1448CBFB4549}"
EndProject
Project("{FAE04EC0-301F-11D3-BF4B-00C04F79EFBC}") = "BuildingBlocks", "src\BuildingBlocks\BuildingBlocks\BuildingBlocks.csproj", "{03ABB2FE-981E-413F-87D4-35B514E05728}"
EndProject
Project("{E53339B2-1760-4266-BCC7-CA923CBCF16C}") = "docker-compose", "docker-compose.dcproj", "{81DDED9D-158B-E303-5F62-77A2896D2A5A}"
EndProject
Project("{2150E333-8FDC-42A3-9474-1A3956D46DE8}") = "Basket", "Basket", "{BEBADC26-F2AD-404F-8CCB-7256177737E9}"
EndProject
Project("{FAE04EC0-301F-11D3-BF4B-00C04F79EFBC}") = "Basket.Api", "Services\Basket\Basket.Api\Basket.Api.csproj", "{058A0695-ECAB-46C8-98D6-5B2D68E67093}"
EndProject
Project("{2150E333-8FDC-42A3-9474-1A3956D46DE8}") = "Discount", "Discount", "{580105B8-BB1D-405A-AFD0-E3D4FD914BB7}"
EndProject
Project("{FAE04EC0-301F-11D3-BF4B-00C04F79EFBC}") = "Discount.Grpc", "Services\Discount\Discount.Grpc\Discount.Grpc.csproj", "{59E511DB-7C7B-4036-9AAC-AECDB56AE1EC}"
EndProject
Project("{2150E333-8FDC-42A3-9474-1A3956D46DE8}") = "Ordering", "Ordering", "{BDDF2A27-49A3-43D4-BC62-BDE41411D758}"
EndProject
Project("{FAE04EC0-301F-11D3-BF4B-00C04F79EFBC}") = "Ordering.Api", "Services\Ordering\Ordering.Api\Ordering.Api.csproj", "{956AE764-8D5F-4A21-92E9-0BCE5FE63A2E}"
EndProject
Project("{FAE04EC0-301F-11D3-BF4B-00C04F79EFBC}") = "Ordering.Domain", "Services\Ordering\Ordering.Domain\Ordering.Domain.csproj", "{7296B149-BFFA-4307-AB42-4BAAC490F1AA}"
EndProject
Project("{FAE04EC0-301F-11D3-BF4B-00C04F79EFBC}") = "Ordering.Application", "Services\Ordering\Ordering.Application\Ordering.Application.csproj", "{F2D4BFE8-29EC-47BD-91C5-988A516DF883}"
EndProject
Project("{FAE04EC0-301F-11D3-BF4B-00C04F79EFBC}") = "Ordering.Infrastructure", "Services\Ordering\Ordering.Infrastructure\Ordering.Infrastructure.csproj", "{824D3753-6EF1-4D15-8186-CA3B1256848C}"
EndProject
Global
	GlobalSection(SolutionConfigurationPlatforms) = preSolution
		Debug|Any CPU = Debug|Any CPU
		Release|Any CPU = Release|Any CPU
	EndGlobalSection
	GlobalSection(ProjectConfigurationPlatforms) = postSolution
		{B59651BA-0BC2-45C0-B5FF-A0E01DD1BE7E}.Debug|Any CPU.ActiveCfg = Debug|Any CPU
		{B59651BA-0BC2-45C0-B5FF-A0E01DD1BE7E}.Debug|Any CPU.Build.0 = Debug|Any CPU
		{B59651BA-0BC2-45C0-B5FF-A0E01DD1BE7E}.Release|Any CPU.ActiveCfg = Release|Any CPU
		{B59651BA-0BC2-45C0-B5FF-A0E01DD1BE7E}.Release|Any CPU.Build.0 = Release|Any CPU
		{03ABB2FE-981E-413F-87D4-35B514E05728}.Debug|Any CPU.ActiveCfg = Debug|Any CPU
		{03ABB2FE-981E-413F-87D4-35B514E05728}.Debug|Any CPU.Build.0 = Debug|Any CPU
		{03ABB2FE-981E-413F-87D4-35B514E05728}.Release|Any CPU.ActiveCfg = Release|Any CPU
		{03ABB2FE-981E-413F-87D4-35B514E05728}.Release|Any CPU.Build.0 = Release|Any CPU
		{81DDED9D-158B-E303-5F62-77A2896D2A5A}.Debug|Any CPU.ActiveCfg = Debug|Any CPU
		{81DDED9D-158B-E303-5F62-77A2896D2A5A}.Debug|Any CPU.Build.0 = Debug|Any CPU
		{81DDED9D-158B-E303-5F62-77A2896D2A5A}.Release|Any CPU.ActiveCfg = Release|Any CPU
		{81DDED9D-158B-E303-5F62-77A2896D2A5A}.Release|Any CPU.Build.0 = Release|Any CPU
		{058A0695-ECAB-46C8-98D6-5B2D68E67093}.Debug|Any CPU.ActiveCfg = Debug|Any CPU
		{058A0695-ECAB-46C8-98D6-5B2D68E67093}.Debug|Any CPU.Build.0 = Debug|Any CPU
		{058A0695-ECAB-46C8-98D6-5B2D68E67093}.Release|Any CPU.ActiveCfg = Release|Any CPU
		{058A0695-ECAB-46C8-98D6-5B2D68E67093}.Release|Any CPU.Build.0 = Release|Any CPU
		{59E511DB-7C7B-4036-9AAC-AECDB56AE1EC}.Debug|Any CPU.ActiveCfg = Debug|Any CPU
		{59E511DB-7C7B-4036-9AAC-AECDB56AE1EC}.Debug|Any CPU.Build.0 = Debug|Any CPU
		{59E511DB-7C7B-4036-9AAC-AECDB56AE1EC}.Release|Any CPU.ActiveCfg = Release|Any CPU
		{59E511DB-7C7B-4036-9AAC-AECDB56AE1EC}.Release|Any CPU.Build.0 = Release|Any CPU
		{956AE764-8D5F-4A21-92E9-0BCE5FE63A2E}.Debug|Any CPU.ActiveCfg = Debug|Any CPU
		{956AE764-8D5F-4A21-92E9-0BCE5FE63A2E}.Debug|Any CPU.Build.0 = Debug|Any CPU
		{956AE764-8D5F-4A21-92E9-0BCE5FE63A2E}.Release|Any CPU.ActiveCfg = Release|Any CPU
		{956AE764-8D5F-4A21-92E9-0BCE5FE63A2E}.Release|Any CPU.Build.0 = Release|Any CPU
		{7296B149-BFFA-4307-AB42-4BAAC490F1AA}.Debug|Any CPU.ActiveCfg = Debug|Any CPU
		{7296B149-BFFA-4307-AB42-4BAAC490F1AA}.Debug|Any CPU.Build.0 = Debug|Any CPU
		{7296B149-BFFA-4307-AB42-4BAAC490F1AA}.Release|Any CPU.ActiveCfg = Release|Any CPU
		{7296B149-BFFA-4307-AB42-4BAAC490F1AA}.Release|Any CPU.Build.0 = Release|Any CPU
		{F2D4BFE8-29EC-47BD-91C5-988A516DF883}.Debug|Any CPU.ActiveCfg = Debug|Any CPU
		{F2D4BFE8-29EC-47BD-91C5-988A516DF883}.Debug|Any CPU.Build.0 = Debug|Any CPU
		{F2D4BFE8-29EC-47BD-91C5-988A516DF883}.Release|Any CPU.ActiveCfg = Release|Any CPU
		{F2D4BFE8-29EC-47BD-91C5-988A516DF883}.Release|Any CPU.Build.0 = Release|Any CPU
		{824D3753-6EF1-4D15-8186-CA3B1256848C}.Debug|Any CPU.ActiveCfg = Debug|Any CPU
		{824D3753-6EF1-4D15-8186-CA3B1256848C}.Debug|Any CPU.Build.0 = Debug|Any CPU
		{824D3753-6EF1-4D15-8186-CA3B1256848C}.Release|Any CPU.ActiveCfg = Release|Any CPU
		{824D3753-6EF1-4D15-8186-CA3B1256848C}.Release|Any CPU.Build.0 = Release|Any CPU
	EndGlobalSection
	GlobalSection(SolutionProperties) = preSolution
		HideSolutionNode = FALSE
	EndGlobalSection
	GlobalSection(NestedProjects) = preSolution
		{E5E738ED-ADA4-421B-8C08-998C0E80D800} = {02EA681E-C7D8-13C7-8484-4AC65E1B71E8}
		{B59651BA-0BC2-45C0-B5FF-A0E01DD1BE7E} = {E5E738ED-ADA4-421B-8C08-998C0E80D800}
		{03ABB2FE-981E-413F-87D4-35B514E05728} = {D3B96D88-9A84-4DEC-9894-1448CBFB4549}
		{BEBADC26-F2AD-404F-8CCB-7256177737E9} = {02EA681E-C7D8-13C7-8484-4AC65E1B71E8}
		{058A0695-ECAB-46C8-98D6-5B2D68E67093} = {BEBADC26-F2AD-404F-8CCB-7256177737E9}
		{580105B8-BB1D-405A-AFD0-E3D4FD914BB7} = {02EA681E-C7D8-13C7-8484-4AC65E1B71E8}
		{59E511DB-7C7B-4036-9AAC-AECDB56AE1EC} = {580105B8-BB1D-405A-AFD0-E3D4FD914BB7}
		{BDDF2A27-49A3-43D4-BC62-BDE41411D758} = {02EA681E-C7D8-13C7-8484-4AC65E1B71E8}
		{956AE764-8D5F-4A21-92E9-0BCE5FE63A2E} = {BDDF2A27-49A3-43D4-BC62-BDE41411D758}
		{7296B149-BFFA-4307-AB42-4BAAC490F1AA} = {BDDF2A27-49A3-43D4-BC62-BDE41411D758}
		{F2D4BFE8-29EC-47BD-91C5-988A516DF883} = {BDDF2A27-49A3-43D4-BC62-BDE41411D758}
		{824D3753-6EF1-4D15-8186-CA3B1256848C} = {BDDF2A27-49A3-43D4-BC62-BDE41411D758}
	EndGlobalSection
	GlobalSection(ExtensibilityGlobals) = postSolution
		SolutionGuid = {D506F9B0-FF2C-4779-B6A8-3ECACBEC5EE2}
	EndGlobalSection
EndGlobal
